{
  "object": {
    "pins": [
      {
        "package": "EasyPeasy",
        "repositoryURL": "https://github.com/nakiostudio/EasyPeasy",
        "state": {
          "branch": null,
          "revision": "5855b14d7c8a7f510be8275794ec9afeba07b4cf",
          "version": "1.9.2"
        }
      },
      {
        "package": "Kingfisher",
        "repositoryURL": "https://github.com/onevcat/Kingfisher",
        "state": {
          "branch": null,
          "revision": "56075f629bc3915e1bfa876d175df67e1a7cbe3c",
          "version": "5.13.2"
        }
      },
      {
        "package": "OHHTTPStubs",
        "repositoryURL": "https://github.com/AliSoftware/OHHTTPStubs",
        "state": {
          "branch": null,
          "revision": "e92b5a5746ef16add2a1424f1fc19529d9a75cde",
          "version": "9.0.0"
        }
      }
    ]
  },
  "version": 1
}
